// !$*UTF8*$!
{
	archiveVersion = 1;
	classes = {
	};
	objectVersion = 77;
	objects = {

/* Begin PBXContainerItemProxy section */
		6F59241C2D7ABC07000FFA30 /* PBXContainerItemProxy */ = {
			isa = PBXContainerItemProxy;
			containerPortal = 6F5923FA2D7ABC05000FFA30 /* Project object */;
			proxyType = 1;
			remoteGlobalIDString = 6F5924012D7ABC05000FFA30;
			remoteInfo = SosMaps;
		};
		6F5924262D7ABC07000FFA30 /* PBXContainerItemProxy */ = {
			isa = PBXContainerItemProxy;
			containerPortal = 6F5923FA2D7ABC05000FFA30 /* Project object */;
			proxyType = 1;
			remoteGlobalIDString = 6F5924012D7ABC05000FFA30;
			remoteInfo = SosMaps;
		};
/* End PBXContainerItemProxy section */

/* Begin PBXFileReference section */
		6F5924022D7ABC05000FFA30 /* SosMaps.app */ = {isa = PBXFileReference; explicitFileType = wrapper.application; includeInIndex = 0; path = SosMaps.app; sourceTree = BUILT_PRODUCTS_DIR; };
		6F59241B2D7ABC07000FFA30 /* SosMapsTests.xctest */ = {isa = PBXFileReference; explicitFileType = wrapper.cfbundle; includeInIndex = 0; path = SosMapsTests.xctest; sourceTree = BUILT_PRODUCTS_DIR; };
		6F5924252D7ABC07000FFA30 /* SosMapsUITests.xctest */ = {isa = PBXFileReference; explicitFileType = wrapper.cfbundle; includeInIndex = 0; path = SosMapsUITests.xctest; sourceTree = BUILT_PRODUCTS_DIR; };
/* End PBXFileReference section */

/* Begin PBXFileSystemSynchronizedBuildFileExceptionSet section */
		6F59242D2D7ABC07000FFA30 /* Exceptions for "SosMaps" folder in "SosMaps" target */ = {
			isa = PBXFileSystemSynchronizedBuildFileExceptionSet;
			membershipExceptions = (
				Info.plist,
			);
			target = 6F5924012D7ABC05000FFA30 /* SosMaps */;
		};
/* End PBXFileSystemSynchronizedBuildFileExceptionSet section */

/* Begin PBXFileSystemSynchronizedRootGroup section */
		6F5924042D7ABC05000FFA30 /* SosMaps */ = {
			isa = PBXFileSystemSynchronizedRootGroup;
			exceptions = (
				6F59242D2D7ABC07000FFA30 /* Exceptions for "SosMaps" folder in "SosMaps" target */,
			);
			path = SosMaps;
			sourceTree = "<group>";
		};
		6F59241E2D7ABC07000FFA30 /* SosMapsTests */ = {
			isa = PBXFileSystemSynchronizedRootGroup;
			path = SosMapsTests;
			sourceTree = "<group>";
		};
		6F5924282D7ABC07000FFA30 /* SosMapsUITests */ = {
			isa = PBXFileSystemSynchronizedRootGroup;
			path = SosMapsUITests;
			sourceTree = "<group>";
		};
/* End PBXFileSystemSynchronizedRootGroup section */

/* Begin PBXFrameworksBuildPhase section */
		6F5923FF2D7ABC05000FFA30 /* Frameworks */ = {
			isa = PBXFrameworksBuildPhase;
			buildActionMask = 2147483647;
			files = (
			);
			runOnlyForDeploymentPostprocessing = 0;
		};
		6F5924182D7ABC07000FFA30 /* Frameworks */ = {
			isa = PBXFrameworksBuildPhase;
			buildActionMask = 2147483647;
			files = (
			);
			runOnlyForDeploymentPostprocessing = 0;
		};
		6F5924222D7ABC07000FFA30 /* Frameworks */ = {
			isa = PBXFrameworksBuildPhase;
			buildActionMask = 2147483647;
			files = (
			);
			runOnlyForDeploymentPostprocessing = 0;
		};
/* End PBXFrameworksBuildPhase section */

/* Begin PBXGroup section */
		6F5923F92D7ABC05000FFA30 = {
			isa = PBXGroup;
			children = (
				6F5924042D7ABC05000FFA30 /* SosMaps */,
				6F59241E2D7ABC07000FFA30 /* SosMapsTests */,
				6F5924282D7ABC07000FFA30 /* SosMapsUITests */,
				6F5924032D7ABC05000FFA30 /* Products */,
			);
			sourceTree = "<group>";
		};
		6F5924032D7ABC05000FFA30 /* Products */ = {
			isa = PBXGroup;
			children = (
				6F5924022D7ABC05000FFA30 /* SosMaps.app */,
				6F59241B2D7ABC07000FFA30 /* SosMapsTests.xctest */,
				6F5924252D7ABC07000FFA30 /* SosMapsUITests.xctest */,
			);
			name = Products;
			sourceTree = "<group>";
		};
/* End PBXGroup section */

/* Begin PBXNativeTarget section */
		6F5924012D7ABC05000FFA30 /* SosMaps */ = {
			isa = PBXNativeTarget;
			buildConfigurationList = 6F59242E2D7ABC07000FFA30 /* Build configuration list for PBXNativeTarget "SosMaps" */;
			buildPhases = (
				6F5923FE2D7ABC05000FFA30 /* Sources */,
				6F5923FF2D7ABC05000FFA30 /* Frameworks */,
				6F5924002D7ABC05000FFA30 /* Resources */,
			);
			buildRules = (
			);
			dependencies = (
			);
			fileSystemSynchronizedGroups = (
				6F5924042D7ABC05000FFA30 /* SosMaps */,
			);
			name = SosMaps;
			packageProductDependencies = (
			);
			productName = SosMaps;
			productReference = 6F5924022D7ABC05000FFA30 /* SosMaps.app */;
			productType = "com.apple.product-type.application";
		};
		6F59241A2D7ABC07000FFA30 /* SosMapsTests */ = {
			isa = PBXNativeTarget;
			buildConfigurationList = 6F5924332D7ABC07000FFA30 /* Build configuration list for PBXNativeTarget "SosMapsTests" */;
			buildPhases = (
				6F5924172D7ABC07000FFA30 /* Sources */,
				6F5924182D7ABC07000FFA30 /* Frameworks */,
				6F5924192D7ABC07000FFA30 /* Resources */,
			);
			buildRules = (
			);
			dependencies = (
				6F59241D2D7ABC07000FFA30 /* PBXTargetDependency */,
			);
			fileSystemSynchronizedGroups = (
				6F59241E2D7ABC07000FFA30 /* SosMapsTests */,
			);
			name = SosMapsTests;
			packageProductDependencies = (
			);
			productName = SosMapsTests;
			productReference = 6F59241B2D7ABC07000FFA30 /* SosMapsTests.xctest */;
			productType = "com.apple.product-type.bundle.unit-test";
		};
		6F5924242D7ABC07000FFA30 /* SosMapsUITests */ = {
			isa = PBXNativeTarget;
			buildConfigurationList = 6F5924362D7ABC07000FFA30 /* Build configuration list for PBXNativeTarget "SosMapsUITests" */;
			buildPhases = (
				6F5924212D7ABC07000FFA30 /* Sources */,
				6F5924222D7ABC07000FFA30 /* Frameworks */,
				6F5924232D7ABC07000FFA30 /* Resources */,
			);
			buildRules = (
			);
			dependencies = (
				6F5924272D7ABC07000FFA30 /* PBXTargetDependency */,
			);
			fileSystemSynchronizedGroups = (
				6F5924282D7ABC07000FFA30 /* SosMapsUITests */,
			);
			name = SosMapsUITests;
			packageProductDependencies = (
			);
			productName = SosMapsUITests;
			productReference = 6F5924252D7ABC07000FFA30 /* SosMapsUITests.xctest */;
			productType = "com.apple.product-type.bundle.ui-testing";
		};
/* End PBXNativeTarget section */

/* Begin PBXProject section */
		6F5923FA2D7ABC05000FFA30 /* Project object */ = {
			isa = PBXProject;
			attributes = {
				BuildIndependentTargetsInParallel = 1;
				LastSwiftUpdateCheck = 1610;
				LastUpgradeCheck = 1610;
				TargetAttributes = {
					6F5924012D7ABC05000FFA30 = {
						CreatedOnToolsVersion = 16.1;
					};
					6F59241A2D7ABC07000FFA30 = {
						CreatedOnToolsVersion = 16.1;
						TestTargetID = 6F5924012D7ABC05000FFA30;
					};
					6F5924242D7ABC07000FFA30 = {
						CreatedOnToolsVersion = 16.1;
						TestTargetID = 6F5924012D7ABC05000FFA30;
					};
				};
			};
			buildConfigurationList = 6F5923FD2D7ABC05000FFA30 /* Build configuration list for PBXProject "SosMaps" */;
			developmentRegion = en;
			hasScannedForEncodings = 0;
			knownRegions = (
				en,
				Base,
			);
			mainGroup = 6F5923F92D7ABC05000FFA30;
			minimizedProjectReferenceProxies = 1;
			preferredProjectObjectVersion = 77;
			productRefGroup = 6F5924032D7ABC05000FFA30 /* Products */;
			projectDirPath = "";
			projectRoot = "";
			targets = (
				6F5924012D7ABC05000FFA30 /* SosMaps */,
				6F59241A2D7ABC07000FFA30 /* SosMapsTests */,
				6F5924242D7ABC07000FFA30 /* SosMapsUITests */,
			);
		};
/* End PBXProject section */

/* Begin PBXResourcesBuildPhase section */
		6F5924002D7ABC05000FFA30 /* Resources */ = {
			isa = PBXResourcesBuildPhase;
			buildActionMask = 2147483647;
			files = (
			);
			runOnlyForDeploymentPostprocessing = 0;
		};
		6F5924192D7ABC07000FFA30 /* Resources */ = {
			isa = PBXResourcesBuildPhase;
			buildActionMask = 2147483647;
			files = (
			);
			runOnlyForDeploymentPostprocessing = 0;
		};
		6F5924232D7ABC07000FFA30 /* Resources */ = {
			isa = PBXResourcesBuildPhase;
			buildActionMask = 2147483647;
			files = (
			);
			runOnlyForDeploymentPostprocessing = 0;
		};
/* End PBXResourcesBuildPhase section */

/* Begin PBXSourcesBuildPhase section */
		6F5923FE2D7ABC05000FFA30 /* Sources */ = {
			isa = PBXSourcesBuildPhase;
			buildActionMask = 2147483647;
			files = (
			);
			runOnlyForDeploymentPostprocessing = 0;
		};
		6F5924172D7ABC07000FFA30 /* Sources */ = {
			isa = PBXSourcesBuildPhase;
			buildActionMask = 2147483647;
			files = (
			);
			runOnlyForDeploymentPostprocessing = 0;
		};
		6F5924212D7ABC07000FFA30 /* Sources */ = {
			isa = PBXSourcesBuildPhase;
			buildActionMask = 2147483647;
			files = (
			);
			runOnlyForDeploymentPostprocessing = 0;
		};
/* End PBXSourcesBuildPhase section */

/* Begin PBXTargetDependency section */
		6F59241D2D7ABC07000FFA30 /* PBXTargetDependency */ = {
			isa = PBXTargetDependency;
			target = 6F5924012D7ABC05000FFA30 /* SosMaps */;
			targetProxy = 6F59241C2D7ABC07000FFA30 /* PBXContainerItemProxy */;
		};
		6F5924272D7ABC07000FFA30 /* PBXTargetDependency */ = {
			isa = PBXTargetDependency;
			target = 6F5924012D7ABC05000FFA30 /* SosMaps */;
			targetProxy = 6F5924262D7ABC07000FFA30 /* PBXContainerItemProxy */;
		};
/* End PBXTargetDependency section */

/* Begin XCBuildConfiguration section */
		6F59242F2D7ABC07000FFA30 /* Debug */ = {
			isa = XCBuildConfiguration;
			buildSettings = {
				ASSETCATALOG_COMPILER_APPICON_NAME = AppIcon;
				ASSETCATALOG_COMPILER_GLOBAL_ACCENT_COLOR_NAME = AccentColor;
				CODE_SIGN_STYLE = Automatic;
				CURRENT_PROJECT_VERSION = 1;
				DEVELOPMENT_TEAM = 29KVNWH693;
				GENERATE_INFOPLIST_FILE = YES;
				INFOPLIST_FILE = SosMaps/Info.plist;
				INFOPLIST_KEY_UIApplicationSupportsIndirectInputEvents = YES;
				INFOPLIST_KEY_UILaunchStoryboardName = LaunchScreen;
				INFOPLIST_KEY_UIMainStoryboardFile = Main;
				INFOPLIST_KEY_UISupportedInterfaceOrientations_iPad = "UIInterfaceOrientationPortrait UIInterfaceOrientationPortraitUpsideDown UIInterfaceOrientationLandscapeLeft UIInterfaceOrientationLandscapeRight";
				INFOPLIST_KEY_UISupportedInterfaceOrientations_iPhone = "UIInterfaceOrientationPortrait UIInterfaceOrientationLandscapeLeft UIInterfaceOrientationLandscapeRight";
				LD_RUNPATH_SEARCH_PATHS = (
					"$(inherited)",
					"@executable_path/Frameworks",
				);
				MARKETING_VERSION = 1.0;
				PRODUCT_BUNDLE_IDENTIFIER = SovaViktorovna.SosMaps;
				PRODUCT_NAME = "$(TARGET_NAME)";
				SWIFT_EMIT_LOC_STRINGS = YES;
				SWIFT_VERSION = 5.0;
				TARGETED_DEVICE_FAMILY = "1,2";
			};
			name = Debug;
		};
		6F5924302D7ABC07000FFA30 /* Release */ = {
			isa = XCBuildConfiguration;
			buildSettings = {
				ASSETCATALOG_COMPILER_APPICON_NAME = AppIcon;
				ASSETCATALOG_COMPILER_GLOBAL_ACCENT_COLOR_NAME = AccentColor;
				CODE_SIGN_STYLE = Automatic;
				CURRENT_PROJECT_VERSION = 1;
				DEVELOPMENT_TEAM = 29KVNWH693;
				GENERATE_INFOPLIST_FILE = YES;
				INFOPLIST_FILE = SosMaps/Info.plist;
				INFOPLIST_KEY_UIApplicationSupportsIndirectInputEvents = YES;
				INFOPLIST_KEY_UILaunchStoryboardName = LaunchScreen;
				INFOPLIST_KEY_UIMainStoryboardFile = Main;
				INFOPLIST_KEY_UISupportedInterfaceOrientations_iPad = "UIInterfaceOrientationPortrait UIInterfaceOrientationPortraitUpsideDown UIInterfaceOrientationLandscapeLeft UIInterfaceOrientationLandscapeRight";
				INFOPLIST_KEY_UISupportedInterfaceOrientations_iPhone = "UIInterfaceOrientationPortrait UIInterfaceOrientationLandscapeLeft UIInterfaceOrientationLandscapeRight";
				LD_RUNPATH_SEARCH_PATHS = (
					"$(inherited)",
					"@executable_path/Frameworks",
				);
				MARKETING_VERSION = 1.0;
				PRODUCT_BUNDLE_IDENTIFIER = SovaViktorovna.SosMaps;
				PRODUCT_NAME = "$(TARGET_NAME)";
				SWIFT_EMIT_LOC_STRINGS = YES;
				SWIFT_VERSION = 5.0;
				TARGETED_DEVICE_FAMILY = "1,2";
			};
			name = Release;
		};
		6F5924312D7ABC07000FFA30 /* Debug */ = {
			isa = XCBuildConfiguration;
			buildSettings = {
				ALWAYS_SEARCH_USER_PATHS = NO;
				ASSETCATALOG_COMPILER_GENERATE_SWIFT_ASSET_SYMBOL_EXTENSIONS = YES;
				CLANG_ANALYZER_NONNULL = YES;
				CLANG_ANALYZER_NUMBER_OBJECT_CONVERSION = YES_AGGRESSIVE;
				CLANG_CXX_LANGUAGE_STANDARD = "gnu++20";
				CLANG_ENABLE_MODULES = YES;
				CLANG_ENABLE_OBJC_ARC = YES;
				CLANG_ENABLE_OBJC_WEAK = YES;
				CLANG_WARN_BLOCK_CAPTURE_AUTORELEASING = YES;
				CLANG_WARN_BOOL_CONVERSION = YES;
				CLANG_WARN_COMMA = YES;
				CLANG_WARN_CONSTANT_CONVERSION = YES;
				CLANG_WARN_DEPRECATED_OBJC_IMPLEMENTATIONS = YES;
				CLANG_WARN_DIRECT_OBJC_ISA_USAGE = YES_ERROR;
				CLANG_WARN_DOCUMENTATION_COMMENTS = YES;
				CLANG_WARN_EMPTY_BODY = YES;
				CLANG_WARN_ENUM_CONVERSION = YES;
				CLANG_WARN_INFINITE_RECURSION = YES;
				CLANG_WARN_INT_CONVERSION = YES;
				CLANG_WARN_NON_LITERAL_NULL_CONVERSION = YES;
				CLANG_WARN_OBJC_IMPLICIT_RETAIN_SELF = YES;
				CLANG_WARN_OBJC_LITERAL_CONVERSION = YES;
				CLANG_WARN_OBJC_ROOT_CLASS = YES_ERROR;
				CLANG_WARN_QUOTED_INCLUDE_IN_FRAMEWORK_HEADER = YES;
				CLANG_WARN_RANGE_LOOP_ANALYSIS = YES;
				CLANG_WARN_STRICT_PROTOTYPES = YES;
				CLANG_WARN_SUSPICIOUS_MOVE = YES;
				CLANG_WARN_UNGUARDED_AVAILABILITY = YES_AGGRESSIVE;
				CLANG_WARN_UNREACHABLE_CODE = YES;
				CLANG_WARN__DUPLICATE_METHOD_MATCH = YES;
				COPY_PHASE_STRIP = NO;
				DEBUG_INFORMATION_FORMAT = dwarf;
				ENABLE_STRICT_OBJC_MSGSEND = YES;
				ENABLE_TESTABILITY = YES;
				ENABLE_USER_SCRIPT_SANDBOXING = YES;
				GCC_C_LANGUAGE_STANDARD = gnu17;
				GCC_DYNAMIC_NO_PIC = NO;
				GCC_NO_COMMON_BLOCKS = YES;
				GCC_OPTIMIZATION_LEVEL = 0;
				GCC_PREPROCESSOR_DEFINITIONS = (
					"DEBUG=1",
					"$(inherited)",
				);
				GCC_WARN_64_TO_32_BIT_CONVERSION = YES;
				GCC_WARN_ABOUT_RETURN_TYPE = YES_ERROR;
				GCC_WARN_UNDECLARED_SELECTOR = YES;
				GCC_WARN_UNINITIALIZED_AUTOS = YES_AGGRESSIVE;
				GCC_WARN_UNUSED_FUNCTION = YES;
				GCC_WARN_UNUSED_VARIABLE = YES;
				IPHONEOS_DEPLOYMENT_TARGET = 18.1;
				LOCALIZATION_PREFERS_STRING_CATALOGS = YES;
				MTL_ENABLE_DEBUG_INFO = INCLUDE_SOURCE;
				MTL_FAST_MATH = YES;
				ONLY_ACTIVE_ARCH = YES;
				SDKROOT = iphoneos;
				SWIFT_ACTIVE_COMPILATION_CONDITIONS = "DEBUG $(inherited)";
				SWIFT_OPTIMIZATION_LEVEL = "-Onone";
			};
			name = Debug;
		};
		6F5924322D7ABC07000FFA30 /* Release */ = {
			isa = XCBuildConfiguration;
			buildSettings = {
				ALWAYS_SEARCH_USER_PATHS = NO;
				ASSETCATALOG_COMPILER_GENERATE_SWIFT_ASSET_SYMBOL_EXTENSIONS = YES;
				CLANG_ANALYZER_NONNULL = YES;
				CLANG_ANALYZER_NUMBER_OBJECT_CONVERSION = YES_AGGRESSIVE;
				CLANG_CXX_LANGUAGE_STANDARD = "gnu++20";
				CLANG_ENABLE_MODULES = YES;
				CLANG_ENABLE_OBJC_ARC = YES;
				CLANG_ENABLE_OBJC_WEAK = YES;
				CLANG_WARN_BLOCK_CAPTURE_AUTORELEASING = YES;
				CLANG_WARN_BOOL_CONVERSION = YES;
				CLANG_WARN_COMMA = YES;
				CLANG_WARN_CONSTANT_CONVERSION = YES;
				CLANG_WARN_DEPRECATED_OBJC_IMPLEMENTATIONS = YES;
				CLANG_WARN_DIRECT_OBJC_ISA_USAGE = YES_ERROR;
				CLANG_WARN_DOCUMENTATION_COMMENTS = YES;
				CLANG_WARN_EMPTY_BODY = YES;
				CLANG_WARN_ENUM_CONVERSION = YES;
				CLANG_WARN_INFINITE_RECURSION = YES;
				CLANG_WARN_INT_CONVERSION = YES;
				CLANG_WARN_NON_LITERAL_NULL_CONVERSION = YES;
				CLANG_WARN_OBJC_IMPLICIT_RETAIN_SELF = YES;
				CLANG_WARN_OBJC_LITERAL_CONVERSION = YES;
				CLANG_WARN_OBJC_ROOT_CLASS = YES_ERROR;
				CLANG_WARN_QUOTED_INCLUDE_IN_FRAMEWORK_HEADER = YES;
				CLANG_WARN_RANGE_LOOP_ANALYSIS = YES;
				CLANG_WARN_STRICT_PROTOTYPES = YES;
				CLANG_WARN_SUSPICIOUS_MOVE = YES;
				CLANG_WARN_UNGUARDED_AVAILABILITY = YES_AGGRESSIVE;
				CLANG_WARN_UNREACHABLE_CODE = YES;
				CLANG_WARN__DUPLICATE_METHOD_MATCH = YES;
				COPY_PHASE_STRIP = NO;
				DEBUG_INFORMATION_FORMAT = "dwarf-with-dsym";
				ENABLE_NS_ASSERTIONS = NO;
				ENABLE_STRICT_OBJC_MSGSEND = YES;
				ENABLE_USER_SCRIPT_SANDBOXING = YES;
				GCC_C_LANGUAGE_STANDARD = gnu17;
				GCC_NO_COMMON_BLOCKS = YES;
				GCC_WARN_64_TO_32_BIT_CONVERSION = YES;
				GCC_WARN_ABOUT_RETURN_TYPE = YES_ERROR;
				GCC_WARN_UNDECLARED_SELECTOR = YES;
				GCC_WARN_UNINITIALIZED_AUTOS = YES_AGGRESSIVE;
				GCC_WARN_UNUSED_FUNCTION = YES;
				GCC_WARN_UNUSED_VARIABLE = YES;
				IPHONEOS_DEPLOYMENT_TARGET = 18.1;
				LOCALIZATION_PREFERS_STRING_CATALOGS = YES;
				MTL_ENABLE_DEBUG_INFO = NO;
				MTL_FAST_MATH = YES;
				SDKROOT = iphoneos;
				SWIFT_COMPILATION_MODE = wholemodule;
				VALIDATE_PRODUCT = YES;
			};
			name = Release;
		};
		6F5924342D7ABC07000FFA30 /* Debug */ = {
			isa = XCBuildConfiguration;
			buildSettings = {
				BUNDLE_LOADER = "$(TEST_HOST)";
				CODE_SIGN_STYLE = Automatic;
				CURRENT_PROJECT_VERSION = 1;
				DEVELOPMENT_TEAM = 29KVNWH693;
				GENERATE_INFOPLIST_FILE = YES;
				IPHONEOS_DEPLOYMENT_TARGET = 18.1;
				MARKETING_VERSION = 1.0;
				PRODUCT_BUNDLE_IDENTIFIER = SovaViktorovna.SosMapsTests;
				PRODUCT_NAME = "$(TARGET_NAME)";
				SWIFT_EMIT_LOC_STRINGS = NO;
				SWIFT_VERSION = 5.0;
				TARGETED_DEVICE_FAMILY = "1,2";
				TEST_HOST = "$(BUILT_PRODUCTS_DIR)/SosMaps.app/$(BUNDLE_EXECUTABLE_FOLDER_PATH)/SosMaps";
			};
			name = Debug;
		};
		6F5924352D7ABC07000FFA30 /* Release */ = {
			isa = XCBuildConfiguration;
			buildSettings = {
				BUNDLE_LOADER = "$(TEST_HOST)";
				CODE_SIGN_STYLE = Automatic;
				CURRENT_PROJECT_VERSION = 1;
				DEVELOPMENT_TEAM = 29KVNWH693;
				GENERATE_INFOPLIST_FILE = YES;
				IPHONEOS_DEPLOYMENT_TARGET = 18.1;
				MARKETING_VERSION = 1.0;
				PRODUCT_BUNDLE_IDENTIFIER = SovaViktorovna.SosMapsTests;
				PRODUCT_NAME = "$(TARGET_NAME)";
				SWIFT_EMIT_LOC_STRINGS = NO;
				SWIFT_VERSION = 5.0;
				TARGETED_DEVICE_FAMILY = "1,2";
				TEST_HOST = "$(BUILT_PRODUCTS_DIR)/SosMaps.app/$(BUNDLE_EXECUTABLE_FOLDER_PATH)/SosMaps";
			};
			name = Release;
		};
		6F5924372D7ABC07000FFA30 /* Debug */ = {
			isa = XCBuildConfiguration;
			buildSettings = {
				CODE_SIGN_STYLE = Automatic;
				CURRENT_PROJECT_VERSION = 1;
				DEVELOPMENT_TEAM = 29KVNWH693;
				GENERATE_INFOPLIST_FILE = YES;
				MARKETING_VERSION = 1.0;
				PRODUCT_BUNDLE_IDENTIFIER = SovaViktorovna.SosMapsUITests;
				PRODUCT_NAME = "$(TARGET_NAME)";
				SWIFT_EMIT_LOC_STRINGS = NO;
				SWIFT_VERSION = 5.0;
				TARGETED_DEVICE_FAMILY = "1,2";
				TEST_TARGET_NAME = SosMaps;
			};
			name = Debug;
		};
		6F5924382D7ABC07000FFA30 /* Release */ = {
			isa = XCBuildConfiguration;
			buildSettings = {
				CODE_SIGN_STYLE = Automatic;
				CURRENT_PROJECT_VERSION = 1;
				DEVELOPMENT_TEAM = 29KVNWH693;
				GENERATE_INFOPLIST_FILE = YES;
				MARKETING_VERSION = 1.0;
				PRODUCT_BUNDLE_IDENTIFIER = SovaViktorovna.SosMapsUITests;
				PRODUCT_NAME = "$(TARGET_NAME)";
				SWIFT_EMIT_LOC_STRINGS = NO;
				SWIFT_VERSION = 5.0;
				TARGETED_DEVICE_FAMILY = "1,2";
				TEST_TARGET_NAME = SosMaps;
			};
			name = Release;
		};
/* End XCBuildConfiguration section */

/* Begin XCConfigurationList section */
		6F5923FD2D7ABC05000FFA30 /* Build configuration list for PBXProject "SosMaps" */ = {
			isa = XCConfigurationList;
			buildConfigurations = (
				6F5924312D7ABC07000FFA30 /* Debug */,
				6F5924322D7ABC07000FFA30 /* Release */,
			);
			defaultConfigurationIsVisible = 0;
			defaultConfigurationName = Release;
		};
		6F59242E2D7ABC07000FFA30 /* Build configuration list for PBXNativeTarget "SosMaps" */ = {
			isa = XCConfigurationList;
			buildConfigurations = (
				6F59242F2D7ABC07000FFA30 /* Debug */,
				6F5924302D7ABC07000FFA30 /* Release */,
			);
			defaultConfigurationIsVisible = 0;
			defaultConfigurationName = Release;
		};
		6F5924332D7ABC07000FFA30 /* Build configuration list for PBXNativeTarget "SosMapsTests" */ = {
			isa = XCConfigurationList;
			buildConfigurations = (
				6F5924342D7ABC07000FFA30 /* Debug */,
				6F5924352D7ABC07000FFA30 /* Release */,
			);
			defaultConfigurationIsVisible = 0;
			defaultConfigurationName = Release;
		};
		6F5924362D7ABC07000FFA30 /* Build configuration list for PBXNativeTarget "SosMapsUITests" */ = {
			isa = XCConfigurationList;
			buildConfigurations = (
				6F5924372D7ABC07000FFA30 /* Debug */,
				6F5924382D7ABC07000FFA30 /* Release */,
			);
			defaultConfigurationIsVisible = 0;
			defaultConfigurationName = Release;
		};
/* End XCConfigurationList section */
	};
	rootObject = 6F5923FA2D7ABC05000FFA30 /* Project object */;
}
